
Microsoft Visual Studio Solution File, Format Version 12.00
# Visual Studio 15
VisualStudioVersion = 15.0.27703.2000
MinimumVisualStudioVersion = 10.0.40219.1
Project("{FAE04EC0-301F-11D3-BF4B-00C04F79EFBC}") = "SteribaseImporter", "SteribaseImporter\SteribaseImporter.csproj", "{94EFF011-DE5B-4282-BDE9-9AF2D65EE38E}"
EndProject
Global
	GlobalSection(SolutionConfigurationPlatforms) = preSolution
		Debug|Any CPU = Debug|Any CPU
		Release|Any CPU = Release|Any CPU
	EndGlobalSection
	GlobalSection(ProjectConfigurationPlatforms) = postSolution
		{94EFF011-DE5B-4282-BDE9-9AF2D65EE38E}.Debug|Any CPU.ActiveCfg = Debug|Any CPU
		{94EFF011-DE5B-4282-BDE9-9AF2D65EE38E}.Debug|Any CPU.Build.0 = Debug|Any CPU
		{94EFF011-DE5B-4282-BDE9-9AF2D65EE38E}.Release|Any CPU.ActiveCfg = Release|Any CPU
		{94EFF011-DE5B-4282-BDE9-9AF2D65EE38E}.Release|Any CPU.Build.0 = Release|Any CPU
	EndGlobalSection
	GlobalSection(SolutionProperties) = preSolution
		HideSolutionNode = FALSE
	EndGlobalSection
	GlobalSection(ExtensibilityGlobals) = postSolution
		SolutionGuid = {F16E94F1-C0D5-4DB9-A507-047EB7DACCDA}
	EndGlobalSection
EndGlobal
